{
  "name": "ttfx-node",
  "version": "0.1.2",
  "lockfileVersion": 3,
  "requires": true,
  "packages": {
    "": {
      "name": "ttfx-node",
      "version": "0.1.2",
      "license": "MIT",
      "devDependencies": {
        "@napi-rs/cli": "^2"
      },
      "optionalDependencies": {
        "ttfx-node-darwin-arm64": "0.1.1",
        "ttfx-node-darwin-x64": "0.1.1",
        "ttfx-node-linux-x64-gnu": "0.1.1",
        "ttfx-node-linux-x64-musl": "0.1.1",
        "ttfx-node-windows-x64": "0.1.1"
      }
    },
    "node_modules/@napi-rs/cli": {
      "version": "2.18.4",
      "resolved": "https://registry.npmjs.org/@napi-rs/cli/-/cli-2.18.4.tgz",
      "integrity": "sha512-SgJeA4df9DE2iAEpr3M2H0OKl/yjtg1BnRI5/JyowS71tUWhrfSu2LT0V3vlHET+g1hBVlrO60PmEXwUEKp8Mg==",
      "dev": true,
      "license": "MIT",
      "bin": {
        "napi": "scripts/index.js"
      },
      "engines": {
        "node": ">= 10"
      },
      "funding": {
        "type": "github",
        "url": "https://github.com/sponsors/Brooooooklyn"
      }
    },
    "node_modules/ttfx-node-darwin-arm64": {
      "version": "0.1.1",
      "resolved": "https://registry.npmjs.org/ttfx-node-darwin-arm64/-/ttfx-node-darwin-arm64-0.1.1.tgz",
      "integrity": "sha512-yubnYmqzf7CC+amGEFp4rBUyula/fjE05uere77OT/JC4xT1wR88EFjQRFyxCMOYG3JvgjXUguEXvcNZlEhgsA==",
      "cpu": [
        "arm64"
      ],
      "license": "MIT",
      "optional": true,
      "os": [
        "darwin"
      ]
    },
    "node_modules/ttfx-node-darwin-x64": {
      "version": "0.1.1",
      "resolved": "https://registry.npmjs.org/ttfx-node-darwin-x64/-/ttfx-node-darwin-x64-0.1.1.tgz",
      "integrity": "sha512-4uANQ0wDquH3sYHIfNmE75g4nUcxj7kiWgwGyob0cMqOG4NSylyKZiwHmYI3R2uNWVepcwJh7JEJ2FELJtqsew==",
      "cpu": [
        "x64"
      ],
      "license": "MIT",
      "optional": true,
      "os": [
        "darwin"
      ]
    },
    "node_modules/ttfx-node-linux-x64-gnu": {
      "version": "0.1.1",
      "resolved": "https://registry.npmjs.org/ttfx-node-linux-x64-gnu/-/ttfx-node-linux-x64-gnu-0.1.1.tgz",
      "integrity": "sha512-ys/n4m+bm6JmvApbYVZLdIZ32CeBfUlVLwHDlcsiMXwzWzOudRULGzKrycDlRODGguSkDSIeh1Up0XMTP/RUSQ==",
      "cpu": [
        "x64"
      ],
      "license": "MIT",
      "optional": true,
      "os": [
        "linux"
      ]
    },
    "node_modules/ttfx-node-linux-x64-musl": {
      "version": "0.1.1",
      "resolved": "https://registry.npmjs.org/ttfx-node-linux-x64-musl/-/ttfx-node-linux-x64-musl-0.1.1.tgz",
      "integrity": "sha512-czuFcqgsT4JpHiTxjGQC7EpimetmVE2TqEsC9FqmspHIYWFT4Tyl7IXr2doMgptx+q6pn97I2ci7FSSctL0j5w==",
      "cpu": [
        "x64"
      ],
      "license": "MIT",
      "optional": true,
      "os": [
        "linux"
      ]
    },
    "node_modules/ttfx-node-windows-x64": {
      "version": "0.1.1",
      "resolved": "https://registry.npmjs.org/ttfx-node-windows-x64/-/ttfx-node-windows-x64-0.1.1.tgz",
      "integrity": "sha512-qkfthPRQ/dB01y43tVgLt7dbzFsa3RhWPDo3/AdDQh1bCIvodzQMOgjelixkjTUvvp5pNoa/Cjg0NjxrP/GTFw==",
      "cpu": [
        "x64"
      ],
      "license": "MIT",
      "optional": true,
      "os": [
        "win32"
      ]
    }
  }
}
